
Microsoft Visual Studio Solution File, Format Version 12.00
# Visual Studio Version 17
VisualStudioVersion = 17.0.32112.339
MinimumVisualStudioVersion = 10.0.40219.1
Project("{F184B08F-C81C-45F6-A57F-5ABD9991F28F}") = "SAC_part_A", "SAC_part_A.vbproj", "{3C821951-B64B-4A35-B7F0-74285B5D44BD}"
EndProject
Global
	GlobalSection(SolutionConfigurationPlatforms) = preSolution
		Debug|Any CPU = Debug|Any CPU
		Release|Any CPU = Release|Any CPU
	EndGlobalSection
	GlobalSection(ProjectConfigurationPlatforms) = postSolution
		{3C821951-B64B-4A35-B7F0-74285B5D44BD}.Debug|Any CPU.ActiveCfg = Debug|Any CPU
		{3C821951-B64B-4A35-B7F0-74285B5D44BD}.Debug|Any CPU.Build.0 = Debug|Any CPU
		{3C821951-B64B-4A35-B7F0-74285B5D44BD}.Release|Any CPU.ActiveCfg = Release|Any CPU
		{3C821951-B64B-4A35-B7F0-74285B5D44BD}.Release|Any CPU.Build.0 = Release|Any CPU
	EndGlobalSection
	GlobalSection(SolutionProperties) = preSolution
		HideSolutionNode = FALSE
	EndGlobalSection
	GlobalSection(ExtensibilityGlobals) = postSolution
		SolutionGuid = {C0C7C9DE-FAE9-4648-9C35-AC6A0EFD2A76}
	EndGlobalSection
EndGlobal
